
Microsoft Visual Studio Solution File, Format Version 12.00
# Visual Studio 15
VisualStudioVersion = 15.0.28307.168
MinimumVisualStudioVersion = 10.0.40219.1
Project("{FAE04EC0-301F-11D3-BF4B-00C04F79EFBC}") = "Minx.AOPExample", "Minx.AOPExample\Minx.AOPExample.csproj", "{9C394ADD-1316-468D-96C8-B6B63312DFBD}"
EndProject
Global
	GlobalSection(SolutionConfigurationPlatforms) = preSolution
		Debug|Any CPU = Debug|Any CPU
		Release|Any CPU = Release|Any CPU
	EndGlobalSection
	GlobalSection(ProjectConfigurationPlatforms) = postSolution
		{9C394ADD-1316-468D-96C8-B6B63312DFBD}.Debug|Any CPU.ActiveCfg = Debug|Any CPU
		{9C394ADD-1316-468D-96C8-B6B63312DFBD}.Debug|Any CPU.Build.0 = Debug|Any CPU
		{9C394ADD-1316-468D-96C8-B6B63312DFBD}.Release|Any CPU.ActiveCfg = Release|Any CPU
		{9C394ADD-1316-468D-96C8-B6B63312DFBD}.Release|Any CPU.Build.0 = Release|Any CPU
	EndGlobalSection
	GlobalSection(SolutionProperties) = preSolution
		HideSolutionNode = FALSE
	EndGlobalSection
	GlobalSection(ExtensibilityGlobals) = postSolution
		SolutionGuid = {699B3169-7390-4C11-896D-6D360AFE07DC}
	EndGlobalSection
EndGlobal
